
Microsoft Visual Studio Solution File, Format Version 12.00
# Visual Studio Version 17
VisualStudioVersion = 17.9.34714.143
MinimumVisualStudioVersion = 10.0.40219.1
Project("{FAE04EC0-301F-11D3-BF4B-00C04F79EFBC}") = "Talabat.APIS", "Talabat.APIS\Talabat.APIS.csproj", "{C337D694-69B3-4076-8121-095E504BE3D7}"
EndProject
Project("{FAE04EC0-301F-11D3-BF4B-00C04F79EFBC}") = "Talabte.Core", "Talabte.Core\Talabte.Core.csproj", "{7AA05E1F-7F09-43CE-B5E6-6DAC9C7D778F}"
EndProject
Project("{FAE04EC0-301F-11D3-BF4B-00C04F79EFBC}") = "Talabat.Repository", "Talabat.Repository\Talabat.Repository.csproj", "{0F029929-E883-4460-AF11-E7AADB2071D0}"
EndProject
Project("{FAE04EC0-301F-11D3-BF4B-00C04F79EFBC}") = "Talabat.Service", "Talabat.Service\Talabat.Service.csproj", "{26312F93-5B08-4FA3-A7B0-E40CF7E80DF7}"
EndProject
Global
	GlobalSection(SolutionConfigurationPlatforms) = preSolution
		Debug|Any CPU = Debug|Any CPU
		Release|Any CPU = Release|Any CPU
	EndGlobalSection
	GlobalSection(ProjectConfigurationPlatforms) = postSolution
		{C337D694-69B3-4076-8121-095E504BE3D7}.Debug|Any CPU.ActiveCfg = Debug|Any CPU
		{C337D694-69B3-4076-8121-095E504BE3D7}.Debug|Any CPU.Build.0 = Debug|Any CPU
		{C337D694-69B3-4076-8121-095E504BE3D7}.Release|Any CPU.ActiveCfg = Release|Any CPU
		{C337D694-69B3-4076-8121-095E504BE3D7}.Release|Any CPU.Build.0 = Release|Any CPU
		{7AA05E1F-7F09-43CE-B5E6-6DAC9C7D778F}.Debug|Any CPU.ActiveCfg = Debug|Any CPU
		{7AA05E1F-7F09-43CE-B5E6-6DAC9C7D778F}.Debug|Any CPU.Build.0 = Debug|Any CPU
		{7AA05E1F-7F09-43CE-B5E6-6DAC9C7D778F}.Release|Any CPU.ActiveCfg = Release|Any CPU
		{7AA05E1F-7F09-43CE-B5E6-6DAC9C7D778F}.Release|Any CPU.Build.0 = Release|Any CPU
		{0F029929-E883-4460-AF11-E7AADB2071D0}.Debug|Any CPU.ActiveCfg = Debug|Any CPU
		{0F029929-E883-4460-AF11-E7AADB2071D0}.Debug|Any CPU.Build.0 = Debug|Any CPU
		{0F029929-E883-4460-AF11-E7AADB2071D0}.Release|Any CPU.ActiveCfg = Release|Any CPU
		{0F029929-E883-4460-AF11-E7AADB2071D0}.Release|Any CPU.Build.0 = Release|Any CPU
		{26312F93-5B08-4FA3-A7B0-E40CF7E80DF7}.Debug|Any CPU.ActiveCfg = Debug|Any CPU
		{26312F93-5B08-4FA3-A7B0-E40CF7E80DF7}.Debug|Any CPU.Build.0 = Debug|Any CPU
		{26312F93-5B08-4FA3-A7B0-E40CF7E80DF7}.Release|Any CPU.ActiveCfg = Release|Any CPU
		{26312F93-5B08-4FA3-A7B0-E40CF7E80DF7}.Release|Any CPU.Build.0 = Release|Any CPU
	EndGlobalSection
	GlobalSection(SolutionProperties) = preSolution
		HideSolutionNode = FALSE
	EndGlobalSection
	GlobalSection(ExtensibilityGlobals) = postSolution
		SolutionGuid = {8783E795-CDEE-4A80-AE33-7A074A706865}
	EndGlobalSection
EndGlobal
